
Microsoft Visual Studio Solution File, Format Version 12.00
# Visual Studio Version 16
VisualStudioVersion = 16.0.34931.43
MinimumVisualStudioVersion = 10.0.40219.1
Project("{FAE04EC0-301F-11D3-BF4B-00C04F79EFBC}") = "Vogue", "Vogue\Vogue.csproj", "{05E9BDDC-344F-41C7-AA8C-3A5CEF7A76D4}"
EndProject
Project("{FAE04EC0-301F-11D3-BF4B-00C04F79EFBC}") = "DAL", "DAL\DAL.csproj", "{CAEC4825-5986-4129-BC54-05FBD9DBC358}"
EndProject
Project("{FAE04EC0-301F-11D3-BF4B-00C04F79EFBC}") = "BLL", "BLL\BLL.csproj", "{D341C345-8B79-42A7-AB8D-9DB02291C419}"
EndProject
Global
	GlobalSection(SolutionConfigurationPlatforms) = preSolution
		Debug|Any CPU = Debug|Any CPU
		Release|Any CPU = Release|Any CPU
	EndGlobalSection
	GlobalSection(ProjectConfigurationPlatforms) = postSolution
		{05E9BDDC-344F-41C7-AA8C-3A5CEF7A76D4}.Debug|Any CPU.ActiveCfg = Debug|Any CPU
		{05E9BDDC-344F-41C7-AA8C-3A5CEF7A76D4}.Debug|Any CPU.Build.0 = Debug|Any CPU
		{05E9BDDC-344F-41C7-AA8C-3A5CEF7A76D4}.Release|Any CPU.ActiveCfg = Release|Any CPU
		{05E9BDDC-344F-41C7-AA8C-3A5CEF7A76D4}.Release|Any CPU.Build.0 = Release|Any CPU
		{CAEC4825-5986-4129-BC54-05FBD9DBC358}.Debug|Any CPU.ActiveCfg = Debug|Any CPU
		{CAEC4825-5986-4129-BC54-05FBD9DBC358}.Debug|Any CPU.Build.0 = Debug|Any CPU
		{CAEC4825-5986-4129-BC54-05FBD9DBC358}.Release|Any CPU.ActiveCfg = Release|Any CPU
		{CAEC4825-5986-4129-BC54-05FBD9DBC358}.Release|Any CPU.Build.0 = Release|Any CPU
		{D341C345-8B79-42A7-AB8D-9DB02291C419}.Debug|Any CPU.ActiveCfg = Debug|Any CPU
		{D341C345-8B79-42A7-AB8D-9DB02291C419}.Debug|Any CPU.Build.0 = Debug|Any CPU
		{D341C345-8B79-42A7-AB8D-9DB02291C419}.Release|Any CPU.ActiveCfg = Release|Any CPU
		{D341C345-8B79-42A7-AB8D-9DB02291C419}.Release|Any CPU.Build.0 = Release|Any CPU
	EndGlobalSection
	GlobalSection(SolutionProperties) = preSolution
		HideSolutionNode = FALSE
	EndGlobalSection
	GlobalSection(ExtensibilityGlobals) = postSolution
		SolutionGuid = {9780C3E2-D93F-48FB-AFEA-7ABF5F7BA414}
	EndGlobalSection
EndGlobal
